
Microsoft Visual Studio Solution File, Format Version 12.00
# Visual Studio Version 16
VisualStudioVersion = 16.0.29324.140
MinimumVisualStudioVersion = 10.0.40219.1
Project("{9A19103F-16F7-4668-BE54-9A1E7A4F7556}") = "QueueStorageApp", "QueueStorageApp\QueueStorageApp.csproj", "{1A5C38EC-97A6-475C-A71F-DAA00BDDB6CB}"
EndProject
Project("{9A19103F-16F7-4668-BE54-9A1E7A4F7556}") = "BlobStorageApp", "BlobStorageApp\BlobStorageApp.csproj", "{03C802EE-9F9E-454F-9EC8-93E9E7CF4B57}"
EndProject
Project("{9A19103F-16F7-4668-BE54-9A1E7A4F7556}") = "TableStorageApp", "TableStorageApp\TableStorageApp.csproj", "{6CE4CCB5-E312-4FBC-A34C-0EF834FDBBB8}"
EndProject
Project("{9A19103F-16F7-4668-BE54-9A1E7A4F7556}") = "BlobContainerDemo", "BlobContainerDemo\BlobContainerDemo.csproj", "{32BCBD91-3A72-439D-B78B-B31F2CB0FDEF}"
EndProject
Project("{FAE04EC0-301F-11D3-BF4B-00C04F79EFBC}") = "StorageQueueSenderApp", "StorageQueueSenderApp\StorageQueueSenderApp.csproj", "{EC29FAC1-4E48-4D8D-AAB8-3F808ABE6520}"
EndProject
Project("{FAE04EC0-301F-11D3-BF4B-00C04F79EFBC}") = "StorageQueueReceiverApp", "StorageQueueReceiverApp\StorageQueueReceiverApp.csproj", "{EC8AA1A4-DA32-4077-8371-90F72CF9F963}"
EndProject
Global
	GlobalSection(SolutionConfigurationPlatforms) = preSolution
		Debug|Any CPU = Debug|Any CPU
		Release|Any CPU = Release|Any CPU
	EndGlobalSection
	GlobalSection(ProjectConfigurationPlatforms) = postSolution
		{1A5C38EC-97A6-475C-A71F-DAA00BDDB6CB}.Debug|Any CPU.ActiveCfg = Debug|Any CPU
		{1A5C38EC-97A6-475C-A71F-DAA00BDDB6CB}.Debug|Any CPU.Build.0 = Debug|Any CPU
		{1A5C38EC-97A6-475C-A71F-DAA00BDDB6CB}.Release|Any CPU.ActiveCfg = Release|Any CPU
		{1A5C38EC-97A6-475C-A71F-DAA00BDDB6CB}.Release|Any CPU.Build.0 = Release|Any CPU
		{03C802EE-9F9E-454F-9EC8-93E9E7CF4B57}.Debug|Any CPU.ActiveCfg = Debug|Any CPU
		{03C802EE-9F9E-454F-9EC8-93E9E7CF4B57}.Debug|Any CPU.Build.0 = Debug|Any CPU
		{03C802EE-9F9E-454F-9EC8-93E9E7CF4B57}.Release|Any CPU.ActiveCfg = Release|Any CPU
		{03C802EE-9F9E-454F-9EC8-93E9E7CF4B57}.Release|Any CPU.Build.0 = Release|Any CPU
		{6CE4CCB5-E312-4FBC-A34C-0EF834FDBBB8}.Debug|Any CPU.ActiveCfg = Debug|Any CPU
		{6CE4CCB5-E312-4FBC-A34C-0EF834FDBBB8}.Debug|Any CPU.Build.0 = Debug|Any CPU
		{6CE4CCB5-E312-4FBC-A34C-0EF834FDBBB8}.Release|Any CPU.ActiveCfg = Release|Any CPU
		{6CE4CCB5-E312-4FBC-A34C-0EF834FDBBB8}.Release|Any CPU.Build.0 = Release|Any CPU
		{32BCBD91-3A72-439D-B78B-B31F2CB0FDEF}.Debug|Any CPU.ActiveCfg = Debug|Any CPU
		{32BCBD91-3A72-439D-B78B-B31F2CB0FDEF}.Debug|Any CPU.Build.0 = Debug|Any CPU
		{32BCBD91-3A72-439D-B78B-B31F2CB0FDEF}.Release|Any CPU.ActiveCfg = Release|Any CPU
		{32BCBD91-3A72-439D-B78B-B31F2CB0FDEF}.Release|Any CPU.Build.0 = Release|Any CPU
		{EC29FAC1-4E48-4D8D-AAB8-3F808ABE6520}.Debug|Any CPU.ActiveCfg = Debug|Any CPU
		{EC29FAC1-4E48-4D8D-AAB8-3F808ABE6520}.Debug|Any CPU.Build.0 = Debug|Any CPU
		{EC29FAC1-4E48-4D8D-AAB8-3F808ABE6520}.Release|Any CPU.ActiveCfg = Release|Any CPU
		{EC29FAC1-4E48-4D8D-AAB8-3F808ABE6520}.Release|Any CPU.Build.0 = Release|Any CPU
		{EC8AA1A4-DA32-4077-8371-90F72CF9F963}.Debug|Any CPU.ActiveCfg = Debug|Any CPU
		{EC8AA1A4-DA32-4077-8371-90F72CF9F963}.Debug|Any CPU.Build.0 = Debug|Any CPU
		{EC8AA1A4-DA32-4077-8371-90F72CF9F963}.Release|Any CPU.ActiveCfg = Release|Any CPU
		{EC8AA1A4-DA32-4077-8371-90F72CF9F963}.Release|Any CPU.Build.0 = Release|Any CPU
	EndGlobalSection
	GlobalSection(SolutionProperties) = preSolution
		HideSolutionNode = FALSE
	EndGlobalSection
	GlobalSection(ExtensibilityGlobals) = postSolution
		SolutionGuid = {91CFEB7F-470D-4026-ABA1-7C032771A13E}
	EndGlobalSection
EndGlobal
